
Microsoft Visual Studio Solution File, Format Version 12.00
# Visual Studio Version 16
VisualStudioVersion = 16.0.30002.166
MinimumVisualStudioVersion = 10.0.40219.1
Project("{FAE04EC0-301F-11D3-BF4B-00C04F79EFBC}") = "atr", "atr\atr.csproj", "{976CE3BA-ED68-4753-8185-548548BD0793}"
EndProject
Global
	GlobalSection(SolutionConfigurationPlatforms) = preSolution
		Debug|Any CPU = Debug|Any CPU
		Release|Any CPU = Release|Any CPU
	EndGlobalSection
	GlobalSection(ProjectConfigurationPlatforms) = postSolution
		{976CE3BA-ED68-4753-8185-548548BD0793}.Debug|Any CPU.ActiveCfg = Debug|Any CPU
		{976CE3BA-ED68-4753-8185-548548BD0793}.Debug|Any CPU.Build.0 = Debug|Any CPU
		{976CE3BA-ED68-4753-8185-548548BD0793}.Release|Any CPU.ActiveCfg = Release|Any CPU
		{976CE3BA-ED68-4753-8185-548548BD0793}.Release|Any CPU.Build.0 = Release|Any CPU
	EndGlobalSection
	GlobalSection(SolutionProperties) = preSolution
		HideSolutionNode = FALSE
	EndGlobalSection
	GlobalSection(ExtensibilityGlobals) = postSolution
		SolutionGuid = {FB0599F0-F7E6-43CF-A3B6-8B2240E0AA0E}
	EndGlobalSection
EndGlobal
